
Microsoft Visual Studio Solution File, Format Version 12.00
# Visual Studio for Mac
Project("{FAE04EC0-301F-11D3-BF4B-00C04F79EFBC}") = "Assembly-CSharp", "Assembly-CSharp.csproj", "{38211D70-A9AA-7208-CEDD-3C99E3FDF84A}"
EndProject
Project("{FAE04EC0-301F-11D3-BF4B-00C04F79EFBC}") = "Assembly-CSharp-Editor", "Assembly-CSharp-Editor.csproj", "{8279D303-946D-ABCD-56C7-03A9373B6BAE}"
EndProject
Global
	GlobalSection(SolutionConfigurationPlatforms) = preSolution
		Debug|Any CPU = Debug|Any CPU
		Release|Any CPU = Release|Any CPU
	EndGlobalSection
	GlobalSection(ProjectConfigurationPlatforms) = postSolution
		{38211D70-A9AA-7208-CEDD-3C99E3FDF84A}.Debug|Any CPU.ActiveCfg = Debug|Any CPU
		{38211D70-A9AA-7208-CEDD-3C99E3FDF84A}.Debug|Any CPU.Build.0 = Debug|Any CPU
		{38211D70-A9AA-7208-CEDD-3C99E3FDF84A}.Release|Any CPU.ActiveCfg = Release|Any CPU
		{38211D70-A9AA-7208-CEDD-3C99E3FDF84A}.Release|Any CPU.Build.0 = Release|Any CPU
		{8279D303-946D-ABCD-56C7-03A9373B6BAE}.Debug|Any CPU.ActiveCfg = Debug|Any CPU
		{8279D303-946D-ABCD-56C7-03A9373B6BAE}.Debug|Any CPU.Build.0 = Debug|Any CPU
		{8279D303-946D-ABCD-56C7-03A9373B6BAE}.Release|Any CPU.ActiveCfg = Release|Any CPU
		{8279D303-946D-ABCD-56C7-03A9373B6BAE}.Release|Any CPU.Build.0 = Release|Any CPU
	EndGlobalSection
	GlobalSection(SolutionProperties) = preSolution
		HideSolutionNode = FALSE
	EndGlobalSection
	GlobalSection(MonoDevelopProperties) = preSolution
		StartupItem = Assembly-CSharp.csproj
	EndGlobalSection
EndGlobal
